// !$*UTF8*$!
{
	archiveVersion = 1;
	classes = {
	};
	objectVersion = 46;
	objects = {

/* Begin PBXBuildFile section */
		46CB31281C281C2F0014C5CB /* main.m in Sources */ = {isa = PBXBuildFile; fileRef = 46CB31271C281C2F0014C5CB /* main.m */; };
		46CB312B1C281C2F0014C5CB /* AppDelegate.m in Sources */ = {isa = PBXBuildFile; fileRef = 46CB312A1C281C2F0014C5CB /* AppDelegate.m */; };
		46CB312E1C281C2F0014C5CB /* ViewController.m in Sources */ = {isa = PBXBuildFile; fileRef = 46CB312D1C281C2F0014C5CB /* ViewController.m */; };
		46CB31311C281C2F0014C5CB /* Main.storyboard in Resources */ = {isa = PBXBuildFile; fileRef = 46CB312F1C281C2F0014C5CB /* Main.storyboard */; };
		46CB31331C281C2F0014C5CB /* Images.xcassets in Resources */ = {isa = PBXBuildFile; fileRef = 46CB31321C281C2F0014C5CB /* Images.xcassets */; };
		46CB31361C281C2F0014C5CB /* LaunchScreen.xib in Resources */ = {isa = PBXBuildFile; fileRef = 46CB31341C281C2F0014C5CB /* LaunchScreen.xib */; };
		46CB31421C281C300014C5CB /* __Tests.m in Sources */ = {isa = PBXBuildFile; fileRef = 46CB31411C281C300014C5CB /* __Tests.m */; };
		46CB314D1C281E990014C5CB /* Squares.m in Sources */ = {isa = PBXBuildFile; fileRef = 46CB314C1C281E990014C5CB /* Squares.m */; };
/* End PBXBuildFile section */

/* Begin PBXContainerItemProxy section */
		46CB313C1C281C300014C5CB /* PBXContainerItemProxy */ = {
			isa = PBXContainerItemProxy;
			containerPortal = 46CB311A1C281C2F0014C5CB /* Project object */;
			proxyType = 1;
			remoteGlobalIDString = 46CB31211C281C2F0014C5CB;
			remoteInfo = "扫雷";
		};
/* End PBXContainerItemProxy section */

/* Begin PBXFileReference section */
		46CB31221C281C2F0014C5CB /* 扫雷.app */ = {isa = PBXFileReference; explicitFileType = wrapper.application; includeInIndex = 0; path = "扫雷.app"; sourceTree = BUILT_PRODUCTS_DIR; };
		46CB31261C281C2F0014C5CB /* Info.plist */ = {isa = PBXFileReference; lastKnownFileType = text.plist.xml; path = Info.plist; sourceTree = "<group>"; };
		46CB31271C281C2F0014C5CB /* main.m */ = {isa = PBXFileReference; lastKnownFileType = sourcecode.c.objc; path = main.m; sourceTree = "<group>"; };
		46CB31291C281C2F0014C5CB /* AppDelegate.h */ = {isa = PBXFileReference; lastKnownFileType = sourcecode.c.h; path = AppDelegate.h; sourceTree = "<group>"; };
		46CB312A1C281C2F0014C5CB /* AppDelegate.m */ = {isa = PBXFileReference; lastKnownFileType = sourcecode.c.objc; path = AppDelegate.m; sourceTree = "<group>"; };
		46CB312C1C281C2F0014C5CB /* ViewController.h */ = {isa = PBXFileReference; lastKnownFileType = sourcecode.c.h; path = ViewController.h; sourceTree = "<group>"; };
		46CB312D1C281C2F0014C5CB /* ViewController.m */ = {isa = PBXFileReference; lastKnownFileType = sourcecode.c.objc; path = ViewController.m; sourceTree = "<group>"; };
		46CB31301C281C2F0014C5CB /* Base */ = {isa = PBXFileReference; lastKnownFileType = file.storyboard; name = Base; path = Base.lproj/Main.storyboard; sourceTree = "<group>"; };
		46CB31321C281C2F0014C5CB /* Images.xcassets */ = {isa = PBXFileReference; lastKnownFileType = folder.assetcatalog; path = Images.xcassets; sourceTree = "<group>"; };
		46CB31351C281C2F0014C5CB /* Base */ = {isa = PBXFileReference; lastKnownFileType = file.xib; name = Base; path = Base.lproj/LaunchScreen.xib; sourceTree = "<group>"; };
		46CB313B1C281C300014C5CB /* 扫雷Tests.xctest */ = {isa = PBXFileReference; explicitFileType = wrapper.cfbundle; includeInIndex = 0; path = "扫雷Tests.xctest"; sourceTree = BUILT_PRODUCTS_DIR; };
		46CB31401C281C300014C5CB /* Info.plist */ = {isa = PBXFileReference; lastKnownFileType = text.plist.xml; path = Info.plist; sourceTree = "<group>"; };
		46CB31411C281C300014C5CB /* __Tests.m */ = {isa = PBXFileReference; lastKnownFileType = sourcecode.c.objc; path = __Tests.m; sourceTree = "<group>"; };
		46CB314B1C281E990014C5CB /* Squares.h */ = {isa = PBXFileReference; fileEncoding = 4; lastKnownFileType = sourcecode.c.h; path = Squares.h; sourceTree = "<group>"; };
		46CB314C1C281E990014C5CB /* Squares.m */ = {isa = PBXFileReference; fileEncoding = 4; lastKnownFileType = sourcecode.c.objc; path = Squares.m; sourceTree = "<group>"; };
/* End PBXFileReference section */

/* Begin PBXFrameworksBuildPhase section */
		46CB311F1C281C2F0014C5CB /* Frameworks */ = {
			isa = PBXFrameworksBuildPhase;
			buildActionMask = 2147483647;
			files = (
			);
			runOnlyForDeploymentPostprocessing = 0;
		};
		46CB31381C281C300014C5CB /* Frameworks */ = {
			isa = PBXFrameworksBuildPhase;
			buildActionMask = 2147483647;
			files = (
			);
			runOnlyForDeploymentPostprocessing = 0;
		};
/* End PBXFrameworksBuildPhase section */

/* Begin PBXGroup section */
		46CB31191C281C2F0014C5CB = {
			isa = PBXGroup;
			children = (
				46CB31241C281C2F0014C5CB /* 扫雷 */,
				46CB313E1C281C300014C5CB /* 扫雷Tests */,
				46CB31231C281C2F0014C5CB /* Products */,
			);
			sourceTree = "<group>";
		};
		46CB31231C281C2F0014C5CB /* Products */ = {
			isa = PBXGroup;
			children = (
				46CB31221C281C2F0014C5CB /* 扫雷.app */,
				46CB313B1C281C300014C5CB /* 扫雷Tests.xctest */,
			);
			name = Products;
			sourceTree = "<group>";
		};
		46CB31241C281C2F0014C5CB /* 扫雷 */ = {
			isa = PBXGroup;
			children = (
				46CB31291C281C2F0014C5CB /* AppDelegate.h */,
				46CB312A1C281C2F0014C5CB /* AppDelegate.m */,
				46CB312C1C281C2F0014C5CB /* ViewController.h */,
				46CB312D1C281C2F0014C5CB /* ViewController.m */,
				46CB314B1C281E990014C5CB /* Squares.h */,
				46CB314C1C281E990014C5CB /* Squares.m */,
				46CB312F1C281C2F0014C5CB /* Main.storyboard */,
				46CB31321C281C2F0014C5CB /* Images.xcassets */,
				46CB31341C281C2F0014C5CB /* LaunchScreen.xib */,
				46CB31251C281C2F0014C5CB /* Supporting Files */,
			);
			path = "扫雷";
			sourceTree = "<group>";
		};
		46CB31251C281C2F0014C5CB /* Supporting Files */ = {
			isa = PBXGroup;
			children = (
				46CB31261C281C2F0014C5CB /* Info.plist */,
				46CB31271C281C2F0014C5CB /* main.m */,
			);
			name = "Supporting Files";
			sourceTree = "<group>";
		};
		46CB313E1C281C300014C5CB /* 扫雷Tests */ = {
			isa = PBXGroup;
			children = (
				46CB31411C281C300014C5CB /* __Tests.m */,
				46CB313F1C281C300014C5CB /* Supporting Files */,
			);
			path = "扫雷Tests";
			sourceTree = "<group>";
		};
		46CB313F1C281C300014C5CB /* Supporting Files */ = {
			isa = PBXGroup;
			children = (
				46CB31401C281C300014C5CB /* Info.plist */,
			);
			name = "Supporting Files";
			sourceTree = "<group>";
		};
/* End PBXGroup section */

/* Begin PBXNativeTarget section */
		46CB31211C281C2F0014C5CB /* 扫雷 */ = {
			isa = PBXNativeTarget;
			buildConfigurationList = 46CB31451C281C300014C5CB /* Build configuration list for PBXNativeTarget "扫雷" */;
			buildPhases = (
				46CB311E1C281C2F0014C5CB /* Sources */,
				46CB311F1C281C2F0014C5CB /* Frameworks */,
				46CB31201C281C2F0014C5CB /* Resources */,
			);
			buildRules = (
			);
			dependencies = (
			);
			name = "扫雷";
			productName = "扫雷";
			productReference = 46CB31221C281C2F0014C5CB /* 扫雷.app */;
			productType = "com.apple.product-type.application";
		};
		46CB313A1C281C300014C5CB /* 扫雷Tests */ = {
			isa = PBXNativeTarget;
			buildConfigurationList = 46CB31481C281C300014C5CB /* Build configuration list for PBXNativeTarget "扫雷Tests" */;
			buildPhases = (
				46CB31371C281C300014C5CB /* Sources */,
				46CB31381C281C300014C5CB /* Frameworks */,
				46CB31391C281C300014C5CB /* Resources */,
			);
			buildRules = (
			);
			dependencies = (
				46CB313D1C281C300014C5CB /* PBXTargetDependency */,
			);
			name = "扫雷Tests";
			productName = "扫雷Tests";
			productReference = 46CB313B1C281C300014C5CB /* 扫雷Tests.xctest */;
			productType = "com.apple.product-type.bundle.unit-test";
		};
/* End PBXNativeTarget section */

/* Begin PBXProject section */
		46CB311A1C281C2F0014C5CB /* Project object */ = {
			isa = PBXProject;
			attributes = {
				LastUpgradeCheck = 0640;
				ORGANIZATIONNAME = GD;
				TargetAttributes = {
					46CB31211C281C2F0014C5CB = {
						CreatedOnToolsVersion = 6.4;
					};
					46CB313A1C281C300014C5CB = {
						CreatedOnToolsVersion = 6.4;
						TestTargetID = 46CB31211C281C2F0014C5CB;
					};
				};
			};
			buildConfigurationList = 46CB311D1C281C2F0014C5CB /* Build configuration list for PBXProject "扫雷" */;
			compatibilityVersion = "Xcode 3.2";
			developmentRegion = English;
			hasScannedForEncodings = 0;
			knownRegions = (
				en,
				Base,
			);
			mainGroup = 46CB31191C281C2F0014C5CB;
			productRefGroup = 46CB31231C281C2F0014C5CB /* Products */;
			projectDirPath = "";
			projectRoot = "";
			targets = (
				46CB31211C281C2F0014C5CB /* 扫雷 */,
				46CB313A1C281C300014C5CB /* 扫雷Tests */,
			);
		};
/* End PBXProject section */

/* Begin PBXResourcesBuildPhase section */
		46CB31201C281C2F0014C5CB /* Resources */ = {
			isa = PBXResourcesBuildPhase;
			buildActionMask = 2147483647;
			files = (
				46CB31311C281C2F0014C5CB /* Main.storyboard in Resources */,
				46CB31361C281C2F0014C5CB /* LaunchScreen.xib in Resources */,
				46CB31331C281C2F0014C5CB /* Images.xcassets in Resources */,
			);
			runOnlyForDeploymentPostprocessing = 0;
		};
		46CB31391C281C300014C5CB /* Resources */ = {
			isa = PBXResourcesBuildPhase;
			buildActionMask = 2147483647;
			files = (
			);
			runOnlyForDeploymentPostprocessing = 0;
		};
/* End PBXResourcesBuildPhase section */

/* Begin PBXSourcesBuildPhase section */
		46CB311E1C281C2F0014C5CB /* Sources */ = {
			isa = PBXSourcesBuildPhase;
			buildActionMask = 2147483647;
			files = (
				46CB314D1C281E990014C5CB /* Squares.m in Sources */,
				46CB312E1C281C2F0014C5CB /* ViewController.m in Sources */,
				46CB312B1C281C2F0014C5CB /* AppDelegate.m in Sources */,
				46CB31281C281C2F0014C5CB /* main.m in Sources */,
			);
			runOnlyForDeploymentPostprocessing = 0;
		};
		46CB31371C281C300014C5CB /* Sources */ = {
			isa = PBXSourcesBuildPhase;
			buildActionMask = 2147483647;
			files = (
				46CB31421C281C300014C5CB /* __Tests.m in Sources */,
			);
			runOnlyForDeploymentPostprocessing = 0;
		};
/* End PBXSourcesBuildPhase section */

/* Begin PBXTargetDependency section */
		46CB313D1C281C300014C5CB /* PBXTargetDependency */ = {
			isa = PBXTargetDependency;
			target = 46CB31211C281C2F0014C5CB /* 扫雷 */;
			targetProxy = 46CB313C1C281C300014C5CB /* PBXContainerItemProxy */;
		};
/* End PBXTargetDependency section */

/* Begin PBXVariantGroup section */
		46CB312F1C281C2F0014C5CB /* Main.storyboard */ = {
			isa = PBXVariantGroup;
			children = (
				46CB31301C281C2F0014C5CB /* Base */,
			);
			name = Main.storyboard;
			sourceTree = "<group>";
		};
		46CB31341C281C2F0014C5CB /* LaunchScreen.xib */ = {
			isa = PBXVariantGroup;
			children = (
				46CB31351C281C2F0014C5CB /* Base */,
			);
			name = LaunchScreen.xib;
			sourceTree = "<group>";
		};
/* End PBXVariantGroup section */

/* Begin XCBuildConfiguration section */
		46CB31431C281C300014C5CB /* Debug */ = {
			isa = XCBuildConfiguration;
			buildSettings = {
				ALWAYS_SEARCH_USER_PATHS = NO;
				CLANG_CXX_LANGUAGE_STANDARD = "gnu++0x";
				CLANG_CXX_LIBRARY = "libc++";
				CLANG_ENABLE_MODULES = YES;
				CLANG_ENABLE_OBJC_ARC = YES;
				CLANG_WARN_BOOL_CONVERSION = YES;
				CLANG_WARN_CONSTANT_CONVERSION = YES;
				CLANG_WARN_DIRECT_OBJC_ISA_USAGE = YES_ERROR;
				CLANG_WARN_EMPTY_BODY = YES;
				CLANG_WARN_ENUM_CONVERSION = YES;
				CLANG_WARN_INT_CONVERSION = YES;
				CLANG_WARN_OBJC_ROOT_CLASS = YES_ERROR;
				CLANG_WARN_UNREACHABLE_CODE = YES;
				CLANG_WARN__DUPLICATE_METHOD_MATCH = YES;
				"CODE_SIGN_IDENTITY[sdk=iphoneos*]" = "iPhone Developer";
				COPY_PHASE_STRIP = NO;
				DEBUG_INFORMATION_FORMAT = "dwarf-with-dsym";
				ENABLE_STRICT_OBJC_MSGSEND = YES;
				GCC_C_LANGUAGE_STANDARD = gnu99;
				GCC_DYNAMIC_NO_PIC = NO;
				GCC_NO_COMMON_BLOCKS = YES;
				GCC_OPTIMIZATION_LEVEL = 0;
				GCC_PREPROCESSOR_DEFINITIONS = (
					"DEBUG=1",
					"$(inherited)",
				);
				GCC_SYMBOLS_PRIVATE_EXTERN = NO;
				GCC_WARN_64_TO_32_BIT_CONVERSION = YES;
				GCC_WARN_ABOUT_RETURN_TYPE = YES_ERROR;
				GCC_WARN_UNDECLARED_SELECTOR = YES;
				GCC_WARN_UNINITIALIZED_AUTOS = YES_AGGRESSIVE;
				GCC_WARN_UNUSED_FUNCTION = YES;
				GCC_WARN_UNUSED_VARIABLE = YES;
				IPHONEOS_DEPLOYMENT_TARGET = 8.4;
				MTL_ENABLE_DEBUG_INFO = YES;
				ONLY_ACTIVE_ARCH = YES;
				SDKROOT = iphoneos;
			};
			name = Debug;
		};
		46CB31441C281C300014C5CB /* Release */ = {
			isa = XCBuildConfiguration;
			buildSettings = {
				ALWAYS_SEARCH_USER_PATHS = NO;
				CLANG_CXX_LANGUAGE_STANDARD = "gnu++0x";
				CLANG_CXX_LIBRARY = "libc++";
				CLANG_ENABLE_MODULES = YES;
				CLANG_ENABLE_OBJC_ARC = YES;
				CLANG_WARN_BOOL_CONVERSION = YES;
				CLANG_WARN_CONSTANT_CONVERSION = YES;
				CLANG_WARN_DIRECT_OBJC_ISA_USAGE = YES_ERROR;
				CLANG_WARN_EMPTY_BODY = YES;
				CLANG_WARN_ENUM_CONVERSION = YES;
				CLANG_WARN_INT_CONVERSION = YES;
				CLANG_WARN_OBJC_ROOT_CLASS = YES_ERROR;
				CLANG_WARN_UNREACHABLE_CODE = YES;
				CLANG_WARN__DUPLICATE_METHOD_MATCH = YES;
				"CODE_SIGN_IDENTITY[sdk=iphoneos*]" = "iPhone Developer";
				COPY_PHASE_STRIP = NO;
				DEBUG_INFORMATION_FORMAT = "dwarf-with-dsym";
				ENABLE_NS_ASSERTIONS = NO;
				ENABLE_STRICT_OBJC_MSGSEND = YES;
				GCC_C_LANGUAGE_STANDARD = gnu99;
				GCC_NO_COMMON_BLOCKS = YES;
				GCC_WARN_64_TO_32_BIT_CONVERSION = YES;
				GCC_WARN_ABOUT_RETURN_TYPE = YES_ERROR;
				GCC_WARN_UNDECLARED_SELECTOR = YES;
				GCC_WARN_UNINITIALIZED_AUTOS = YES_AGGRESSIVE;
				GCC_WARN_UNUSED_FUNCTION = YES;
				GCC_WARN_UNUSED_VARIABLE = YES;
				IPHONEOS_DEPLOYMENT_TARGET = 8.4;
				MTL_ENABLE_DEBUG_INFO = NO;
				SDKROOT = iphoneos;
				VALIDATE_PRODUCT = YES;
			};
			name = Release;
		};
		46CB31461C281C300014C5CB /* Debug */ = {
			isa = XCBuildConfiguration;
			buildSettings = {
				ASSETCATALOG_COMPILER_APPICON_NAME = AppIcon;
				INFOPLIST_FILE = "扫雷/Info.plist";
				LD_RUNPATH_SEARCH_PATHS = "$(inherited) @executable_path/Frameworks";
				PRODUCT_NAME = "$(TARGET_NAME)";
			};
			name = Debug;
		};
		46CB31471C281C300014C5CB /* Release */ = {
			isa = XCBuildConfiguration;
			buildSettings = {
				ASSETCATALOG_COMPILER_APPICON_NAME = AppIcon;
				INFOPLIST_FILE = "扫雷/Info.plist";
				LD_RUNPATH_SEARCH_PATHS = "$(inherited) @executable_path/Frameworks";
				PRODUCT_NAME = "$(TARGET_NAME)";
			};
			name = Release;
		};
		46CB31491C281C300014C5CB /* Debug */ = {
			isa = XCBuildConfiguration;
			buildSettings = {
				BUNDLE_LOADER = "$(TEST_HOST)";
				FRAMEWORK_SEARCH_PATHS = (
					"$(SDKROOT)/Developer/Library/Frameworks",
					"$(inherited)",
				);
				GCC_PREPROCESSOR_DEFINITIONS = (
					"DEBUG=1",
					"$(inherited)",
				);
				INFOPLIST_FILE = "扫雷Tests/Info.plist";
				LD_RUNPATH_SEARCH_PATHS = "$(inherited) @executable_path/Frameworks @loader_path/Frameworks";
				PRODUCT_NAME = "$(TARGET_NAME)";
				TEST_HOST = "$(BUILT_PRODUCTS_DIR)/扫雷.app/扫雷";
			};
			name = Debug;
		};
		46CB314A1C281C300014C5CB /* Release */ = {
			isa = XCBuildConfiguration;
			buildSettings = {
				BUNDLE_LOADER = "$(TEST_HOST)";
				FRAMEWORK_SEARCH_PATHS = (
					"$(SDKROOT)/Developer/Library/Frameworks",
					"$(inherited)",
				);
				INFOPLIST_FILE = "扫雷Tests/Info.plist";
				LD_RUNPATH_SEARCH_PATHS = "$(inherited) @executable_path/Frameworks @loader_path/Frameworks";
				PRODUCT_NAME = "$(TARGET_NAME)";
				TEST_HOST = "$(BUILT_PRODUCTS_DIR)/扫雷.app/扫雷";
			};
			name = Release;
		};
/* End XCBuildConfiguration section */

/* Begin XCConfigurationList section */
		46CB311D1C281C2F0014C5CB /* Build configuration list for PBXProject "扫雷" */ = {
			isa = XCConfigurationList;
			buildConfigurations = (
				46CB31431C281C300014C5CB /* Debug */,
				46CB31441C281C300014C5CB /* Release */,
			);
			defaultConfigurationIsVisible = 0;
			defaultConfigurationName = Release;
		};
		46CB31451C281C300014C5CB /* Build configuration list for PBXNativeTarget "扫雷" */ = {
			isa = XCConfigurationList;
			buildConfigurations = (
				46CB31461C281C300014C5CB /* Debug */,
				46CB31471C281C300014C5CB /* Release */,
			);
			defaultConfigurationIsVisible = 0;
		};
		46CB31481C281C300014C5CB /* Build configuration list for PBXNativeTarget "扫雷Tests" */ = {
			isa = XCConfigurationList;
			buildConfigurations = (
				46CB31491C281C300014C5CB /* Debug */,
				46CB314A1C281C300014C5CB /* Release */,
			);
			defaultConfigurationIsVisible = 0;
		};
/* End XCConfigurationList section */
	};
	rootObject = 46CB311A1C281C2F0014C5CB /* Project object */;
}
